// !$*UTF8*$!
{
	archiveVersion = 1;
	classes = {
	};
	objectVersion = 50;
	objects = {

/* Begin PBXBuildFile section */
		20588467F4ACA00429484565 /* Pods_RxSwiftWithCoordinatorPattern.framework in Frameworks */ = {isa = PBXBuildFile; fileRef = 57B293DE98BB4D8A3617ADAF /* Pods_RxSwiftWithCoordinatorPattern.framework */; };
		81836A7667E4FB77AE935488 /* Pods_RxSwiftWithCoordinatorPatternUITests.framework in Frameworks */ = {isa = PBXBuildFile; fileRef = CFB8C943FBD5273D777DC251 /* Pods_RxSwiftWithCoordinatorPatternUITests.framework */; };
		89228C56225209AC00A26FD1 /* SignUpViewModel.swift in Sources */ = {isa = PBXBuildFile; fileRef = 89228C55225209AC00A26FD1 /* SignUpViewModel.swift */; };
		89228C5A225216E000A26FD1 /* Constants.swift in Sources */ = {isa = PBXBuildFile; fileRef = 89228C59225216E000A26FD1 /* Constants.swift */; };
		89228C5C2252190E00A26FD1 /* Tools.swift in Sources */ = {isa = PBXBuildFile; fileRef = 89228C5B2252190E00A26FD1 /* Tools.swift */; };
		89228C5F22521C7C00A26FD1 /* ToastView.swift in Sources */ = {isa = PBXBuildFile; fileRef = 89228C5E22521C7C00A26FD1 /* ToastView.swift */; };
		89228C6122521C8200A26FD1 /* ToastView.xib in Resources */ = {isa = PBXBuildFile; fileRef = 89228C6022521C8200A26FD1 /* ToastView.xib */; };
		89228C68225228E200A26FD1 /* GithubDefaultAPI.swift in Sources */ = {isa = PBXBuildFile; fileRef = 89228C67225228E200A26FD1 /* GithubDefaultAPI.swift */; };
		89228C6C225228E800A26FD1 /* WireFrame.swift in Sources */ = {isa = PBXBuildFile; fileRef = 89228C6A225228E800A26FD1 /* WireFrame.swift */; };
		89228C6D225228E800A26FD1 /* ActivityIndicator.swift in Sources */ = {isa = PBXBuildFile; fileRef = 89228C6B225228E800A26FD1 /* ActivityIndicator.swift */; };
		89228C6F2252290F00A26FD1 /* Protocols.swift in Sources */ = {isa = PBXBuildFile; fileRef = 89228C6E2252290F00A26FD1 /* Protocols.swift */; };
		892D8401224E2BB00019FFE6 /* DashboardViewModel.swift in Sources */ = {isa = PBXBuildFile; fileRef = 892D8400224E2BB00019FFE6 /* DashboardViewModel.swift */; };
		89311719223FAC7B00E362F9 /* DashboardModels.swift in Sources */ = {isa = PBXBuildFile; fileRef = 89311718223FAC7B00E362F9 /* DashboardModels.swift */; };
		8944F921223A6905008B58FF /* AppDelegate.swift in Sources */ = {isa = PBXBuildFile; fileRef = 8944F920223A6905008B58FF /* AppDelegate.swift */; };
		8944F928223A6907008B58FF /* Assets.xcassets in Resources */ = {isa = PBXBuildFile; fileRef = 8944F927223A6907008B58FF /* Assets.xcassets */; };
		8944F92B223A6907008B58FF /* LaunchScreen.storyboard in Resources */ = {isa = PBXBuildFile; fileRef = 8944F929223A6907008B58FF /* LaunchScreen.storyboard */; };
		8944F936223A6907008B58FF /* RxSwiftWithCoordinatorPatternTests.swift in Sources */ = {isa = PBXBuildFile; fileRef = 8944F935223A6907008B58FF /* RxSwiftWithCoordinatorPatternTests.swift */; };
		8944F941223A6907008B58FF /* RxSwiftWithCoordinatorPatternUITests.swift in Sources */ = {isa = PBXBuildFile; fileRef = 8944F940223A6907008B58FF /* RxSwiftWithCoordinatorPatternUITests.swift */; };
		8944F94F223A6968008B58FF /* Coordinator.swift in Sources */ = {isa = PBXBuildFile; fileRef = 8944F94E223A6968008B58FF /* Coordinator.swift */; };
		8944F951223A698A008B58FF /* BaseViewController.swift in Sources */ = {isa = PBXBuildFile; fileRef = 8944F950223A698A008B58FF /* BaseViewController.swift */; };
		8944F954223A69EB008B58FF /* DashboardViewController.swift in Sources */ = {isa = PBXBuildFile; fileRef = 8944F953223A69EB008B58FF /* DashboardViewController.swift */; };
		8944F956223A6A49008B58FF /* LoginViewController.swift in Sources */ = {isa = PBXBuildFile; fileRef = 8944F955223A6A49008B58FF /* LoginViewController.swift */; };
		8944F958223A6A54008B58FF /* SignUpViewController.swift in Sources */ = {isa = PBXBuildFile; fileRef = 8944F957223A6A54008B58FF /* SignUpViewController.swift */; };
		897BBB68224CCECC00649A4D /* DashboardUserTableViewCell.swift in Sources */ = {isa = PBXBuildFile; fileRef = 897BBB66224CCECC00649A4D /* DashboardUserTableViewCell.swift */; };
		897BBB69224CCECC00649A4D /* DashboardUserTableViewCell.xib in Resources */ = {isa = PBXBuildFile; fileRef = 897BBB67224CCECC00649A4D /* DashboardUserTableViewCell.xib */; };
		897BBB6C224CCFE200649A4D /* DashboardEventTableViewCell.swift in Sources */ = {isa = PBXBuildFile; fileRef = 897BBB6A224CCFE200649A4D /* DashboardEventTableViewCell.swift */; };
		897BBB6D224CCFE200649A4D /* DashboardEventTableViewCell.xib in Resources */ = {isa = PBXBuildFile; fileRef = 897BBB6B224CCFE200649A4D /* DashboardEventTableViewCell.xib */; };
		89902586224B6DB400D0412E /* Array+Extensions.swift in Sources */ = {isa = PBXBuildFile; fileRef = 89902565224B6DB300D0412E /* Array+Extensions.swift */; };
		89902587224B6DB400D0412E /* AnimationConfiguration.swift in Sources */ = {isa = PBXBuildFile; fileRef = 89902566224B6DB300D0412E /* AnimationConfiguration.swift */; };
		89902588224B6DB400D0412E /* FloatingPointType+IdentifiableType.swift in Sources */ = {isa = PBXBuildFile; fileRef = 89902567224B6DB300D0412E /* FloatingPointType+IdentifiableType.swift */; };
		89902589224B6DB400D0412E /* RxTableViewSectionedAnimatedDataSource.swift in Sources */ = {isa = PBXBuildFile; fileRef = 89902568224B6DB300D0412E /* RxTableViewSectionedAnimatedDataSource.swift */; };
		8990258A224B6DB400D0412E /* RxCollectionViewSectionedReloadDataSource.swift in Sources */ = {isa = PBXBuildFile; fileRef = 89902569224B6DB300D0412E /* RxCollectionViewSectionedReloadDataSource.swift */; };
		8990258B224B6DB400D0412E /* DataSources.swift in Sources */ = {isa = PBXBuildFile; fileRef = 8990256A224B6DB300D0412E /* DataSources.swift */; };
		8990258C224B6DB400D0412E /* String+IdentifiableType.swift in Sources */ = {isa = PBXBuildFile; fileRef = 8990256B224B6DB300D0412E /* String+IdentifiableType.swift */; };
		8990258D224B6DB400D0412E /* RxPickerViewAdapter.swift in Sources */ = {isa = PBXBuildFile; fileRef = 8990256C224B6DB300D0412E /* RxPickerViewAdapter.swift */; };
		8990258E224B6DB400D0412E /* Deprecated.swift in Sources */ = {isa = PBXBuildFile; fileRef = 8990256D224B6DB300D0412E /* Deprecated.swift */; };
		8990258F224B6DB400D0412E /* CollectionViewSectionedDataSource.swift in Sources */ = {isa = PBXBuildFile; fileRef = 8990256F224B6DB300D0412E /* CollectionViewSectionedDataSource.swift */; };
		89902590224B6DB400D0412E /* UI+SectionedViewType.swift in Sources */ = {isa = PBXBuildFile; fileRef = 89902570224B6DB300D0412E /* UI+SectionedViewType.swift */; };
		89902591224B6DB400D0412E /* IntegerType+IdentifiableType.swift in Sources */ = {isa = PBXBuildFile; fileRef = 89902571224B6DB300D0412E /* IntegerType+IdentifiableType.swift */; };
		89902593224B6DB400D0412E /* RxCollectionViewSectionedAnimatedDataSource.swift in Sources */ = {isa = PBXBuildFile; fileRef = 89902573224B6DB300D0412E /* RxCollectionViewSectionedAnimatedDataSource.swift */; };
		89902594224B6DB400D0412E /* TableViewSectionedDataSource.swift in Sources */ = {isa = PBXBuildFile; fileRef = 89902574224B6DB300D0412E /* TableViewSectionedDataSource.swift */; };
		89902595224B6DB400D0412E /* RxTableViewSectionedReloadDataSource.swift in Sources */ = {isa = PBXBuildFile; fileRef = 89902575224B6DB300D0412E /* RxTableViewSectionedReloadDataSource.swift */; };
		89902596224B6DB400D0412E /* README.md in Resources */ = {isa = PBXBuildFile; fileRef = 89902576224B6DB300D0412E /* README.md */; };
		89902597224B6DB400D0412E /* SectionModelType.swift in Sources */ = {isa = PBXBuildFile; fileRef = 89902578224B6DB300D0412E /* SectionModelType.swift */; };
		89902598224B6DB400D0412E /* Utilities.swift in Sources */ = {isa = PBXBuildFile; fileRef = 89902579224B6DB300D0412E /* Utilities.swift */; };
		89902599224B6DB400D0412E /* IdentifiableType.swift in Sources */ = {isa = PBXBuildFile; fileRef = 8990257A224B6DB300D0412E /* IdentifiableType.swift */; };
		8990259A224B6DB400D0412E /* SectionModel.swift in Sources */ = {isa = PBXBuildFile; fileRef = 8990257B224B6DB300D0412E /* SectionModel.swift */; };
		8990259B224B6DB400D0412E /* Diff.swift in Sources */ = {isa = PBXBuildFile; fileRef = 8990257C224B6DB300D0412E /* Diff.swift */; };
		8990259C224B6DB400D0412E /* AnimatableSectionModel.swift in Sources */ = {isa = PBXBuildFile; fileRef = 8990257D224B6DB300D0412E /* AnimatableSectionModel.swift */; };
		8990259D224B6DB400D0412E /* IdentifiableValue.swift in Sources */ = {isa = PBXBuildFile; fileRef = 8990257F224B6DB300D0412E /* IdentifiableValue.swift */; };
		8990259E224B6DB400D0412E /* ItemPath.swift in Sources */ = {isa = PBXBuildFile; fileRef = 89902580224B6DB300D0412E /* ItemPath.swift */; };
		8990259F224B6DB400D0412E /* Optional+Extensions.swift in Sources */ = {isa = PBXBuildFile; fileRef = 89902581224B6DB300D0412E /* Optional+Extensions.swift */; };
		899025A0224B6DB400D0412E /* AnimatableSectionModelType+ItemPath.swift in Sources */ = {isa = PBXBuildFile; fileRef = 89902582224B6DB300D0412E /* AnimatableSectionModelType+ItemPath.swift */; };
		899025A1224B6DB400D0412E /* Changeset.swift in Sources */ = {isa = PBXBuildFile; fileRef = 89902583224B6DB300D0412E /* Changeset.swift */; };
		899025A3224B6DB400D0412E /* AnimatableSectionModelType.swift in Sources */ = {isa = PBXBuildFile; fileRef = 89902585224B6DB300D0412E /* AnimatableSectionModelType.swift */; };
		89A30176223B4E460099A796 /* AppCoordinator.swift in Sources */ = {isa = PBXBuildFile; fileRef = 89A30175223B4E460099A796 /* AppCoordinator.swift */; };
		89A30179223B4E840099A796 /* LoginCoordinator.swift in Sources */ = {isa = PBXBuildFile; fileRef = 89A30178223B4E840099A796 /* LoginCoordinator.swift */; };
		89A3017B223B4EA30099A796 /* DashboardCoordinator.swift in Sources */ = {isa = PBXBuildFile; fileRef = 89A3017A223B4EA30099A796 /* DashboardCoordinator.swift */; };
		89A3017F223B52BA0099A796 /* Main.storyboard in Resources */ = {isa = PBXBuildFile; fileRef = 89A3017E223B52BA0099A796 /* Main.storyboard */; };
		89A30181223B54970099A796 /* SignUpCoordinator.swift in Sources */ = {isa = PBXBuildFile; fileRef = 89A30180223B54970099A796 /* SignUpCoordinator.swift */; };
		89A30185223B70AF0099A796 /* Extensions.swift in Sources */ = {isa = PBXBuildFile; fileRef = 89A30184223B70AF0099A796 /* Extensions.swift */; };
		89A3018A223BA7610099A796 /* LoginViewModel.swift in Sources */ = {isa = PBXBuildFile; fileRef = 89A30189223BA7610099A796 /* LoginViewModel.swift */; };
		89AA2EC322534E2F00F554E9 /* DashboardDetailViewController.swift in Sources */ = {isa = PBXBuildFile; fileRef = 89AA2EC222534E2F00F554E9 /* DashboardDetailViewController.swift */; };
		89AA2EC522534EE000F554E9 /* DashboardDetailCoordinator.swift in Sources */ = {isa = PBXBuildFile; fileRef = 89AA2EC422534EE000F554E9 /* DashboardDetailCoordinator.swift */; };
		89AA2EC92253567300F554E9 /* DashboardDetailTableViewCell.swift in Sources */ = {isa = PBXBuildFile; fileRef = 89AA2EC72253567300F554E9 /* DashboardDetailTableViewCell.swift */; };
		89AA2ECA2253567300F554E9 /* DashboardDetailTableViewCell.xib in Resources */ = {isa = PBXBuildFile; fileRef = 89AA2EC82253567300F554E9 /* DashboardDetailTableViewCell.xib */; };
		89AA2ECD22536DA800F554E9 /* DashboardDetailViewModel.swift in Sources */ = {isa = PBXBuildFile; fileRef = 89AA2ECC22536DA800F554E9 /* DashboardDetailViewModel.swift */; };
		C680D8ACCB0103034C8B2C59 /* Pods_RxSwiftWithCoordinatorPatternTests.framework in Frameworks */ = {isa = PBXBuildFile; fileRef = C5733B2358BD9AE7C558A626 /* Pods_RxSwiftWithCoordinatorPatternTests.framework */; };
/* End PBXBuildFile section */

/* Begin PBXContainerItemProxy section */
		8944F932223A6907008B58FF /* PBXContainerItemProxy */ = {
			isa = PBXContainerItemProxy;
			containerPortal = 8944F915223A6905008B58FF /* Project object */;
			proxyType = 1;
			remoteGlobalIDString = 8944F91C223A6905008B58FF;
			remoteInfo = RxSwiftWithCoordinatorPattern;
		};
		8944F93D223A6907008B58FF /* PBXContainerItemProxy */ = {
			isa = PBXContainerItemProxy;
			containerPortal = 8944F915223A6905008B58FF /* Project object */;
			proxyType = 1;
			remoteGlobalIDString = 8944F91C223A6905008B58FF;
			remoteInfo = RxSwiftWithCoordinatorPattern;
		};
/* End PBXContainerItemProxy section */

/* Begin PBXFileReference section */
		0D7C1C334CB974BC44ABF962 /* Pods-RxSwiftWithCoordinatorPatternUITests.release.xcconfig */ = {isa = PBXFileReference; includeInIndex = 1; lastKnownFileType = text.xcconfig; name = "Pods-RxSwiftWithCoordinatorPatternUITests.release.xcconfig"; path = "Target Support Files/Pods-RxSwiftWithCoordinatorPatternUITests/Pods-RxSwiftWithCoordinatorPatternUITests.release.xcconfig"; sourceTree = "<group>"; };
		2EE1DED2D54E97DBFB222955 /* Pods-RxSwiftWithCoordinatorPattern.debug.xcconfig */ = {isa = PBXFileReference; includeInIndex = 1; lastKnownFileType = text.xcconfig; name = "Pods-RxSwiftWithCoordinatorPattern.debug.xcconfig"; path = "Target Support Files/Pods-RxSwiftWithCoordinatorPattern/Pods-RxSwiftWithCoordinatorPattern.debug.xcconfig"; sourceTree = "<group>"; };
		57B293DE98BB4D8A3617ADAF /* Pods_RxSwiftWithCoordinatorPattern.framework */ = {isa = PBXFileReference; explicitFileType = wrapper.framework; includeInIndex = 0; path = Pods_RxSwiftWithCoordinatorPattern.framework; sourceTree = BUILT_PRODUCTS_DIR; };
		77EFA75296464139F16E4ACD /* Pods-RxSwiftWithCoordinatorPatternUITests.debug.xcconfig */ = {isa = PBXFileReference; includeInIndex = 1; lastKnownFileType = text.xcconfig; name = "Pods-RxSwiftWithCoordinatorPatternUITests.debug.xcconfig"; path = "Target Support Files/Pods-RxSwiftWithCoordinatorPatternUITests/Pods-RxSwiftWithCoordinatorPatternUITests.debug.xcconfig"; sourceTree = "<group>"; };
		89228C55225209AC00A26FD1 /* SignUpViewModel.swift */ = {isa = PBXFileReference; lastKnownFileType = sourcecode.swift; path = SignUpViewModel.swift; sourceTree = "<group>"; };
		89228C59225216E000A26FD1 /* Constants.swift */ = {isa = PBXFileReference; lastKnownFileType = sourcecode.swift; path = Constants.swift; sourceTree = "<group>"; };
		89228C5B2252190E00A26FD1 /* Tools.swift */ = {isa = PBXFileReference; lastKnownFileType = sourcecode.swift; path = Tools.swift; sourceTree = "<group>"; };
		89228C5E22521C7C00A26FD1 /* ToastView.swift */ = {isa = PBXFileReference; lastKnownFileType = sourcecode.swift; path = ToastView.swift; sourceTree = "<group>"; };
		89228C6022521C8200A26FD1 /* ToastView.xib */ = {isa = PBXFileReference; lastKnownFileType = file.xib; path = ToastView.xib; sourceTree = "<group>"; };
		89228C67225228E200A26FD1 /* GithubDefaultAPI.swift */ = {isa = PBXFileReference; fileEncoding = 4; lastKnownFileType = sourcecode.swift; path = GithubDefaultAPI.swift; sourceTree = "<group>"; };
		89228C6A225228E800A26FD1 /* WireFrame.swift */ = {isa = PBXFileReference; fileEncoding = 4; lastKnownFileType = sourcecode.swift; path = WireFrame.swift; sourceTree = "<group>"; };
		89228C6B225228E800A26FD1 /* ActivityIndicator.swift */ = {isa = PBXFileReference; fileEncoding = 4; lastKnownFileType = sourcecode.swift; path = ActivityIndicator.swift; sourceTree = "<group>"; };
		89228C6E2252290F00A26FD1 /* Protocols.swift */ = {isa = PBXFileReference; fileEncoding = 4; lastKnownFileType = sourcecode.swift; path = Protocols.swift; sourceTree = "<group>"; };
		892D8400224E2BB00019FFE6 /* DashboardViewModel.swift */ = {isa = PBXFileReference; lastKnownFileType = sourcecode.swift; path = DashboardViewModel.swift; sourceTree = "<group>"; };
		89311718223FAC7B00E362F9 /* DashboardModels.swift */ = {isa = PBXFileReference; lastKnownFileType = sourcecode.swift; path = DashboardModels.swift; sourceTree = "<group>"; };
		8944F91D223A6905008B58FF /* RxSwiftWithCoordinatorPattern.app */ = {isa = PBXFileReference; explicitFileType = wrapper.application; includeInIndex = 0; path = RxSwiftWithCoordinatorPattern.app; sourceTree = BUILT_PRODUCTS_DIR; };
		8944F920223A6905008B58FF /* AppDelegate.swift */ = {isa = PBXFileReference; lastKnownFileType = sourcecode.swift; path = AppDelegate.swift; sourceTree = "<group>"; };
		8944F927223A6907008B58FF /* Assets.xcassets */ = {isa = PBXFileReference; lastKnownFileType = folder.assetcatalog; path = Assets.xcassets; sourceTree = "<group>"; };
		8944F92A223A6907008B58FF /* Base */ = {isa = PBXFileReference; lastKnownFileType = file.storyboard; name = Base; path = Base.lproj/LaunchScreen.storyboard; sourceTree = "<group>"; };
		8944F92C223A6907008B58FF /* Info.plist */ = {isa = PBXFileReference; lastKnownFileType = text.plist.xml; path = Info.plist; sourceTree = "<group>"; };
		8944F931223A6907008B58FF /* RxSwiftWithCoordinatorPatternTests.xctest */ = {isa = PBXFileReference; explicitFileType = wrapper.cfbundle; includeInIndex = 0; path = RxSwiftWithCoordinatorPatternTests.xctest; sourceTree = BUILT_PRODUCTS_DIR; };
		8944F935223A6907008B58FF /* RxSwiftWithCoordinatorPatternTests.swift */ = {isa = PBXFileReference; lastKnownFileType = sourcecode.swift; path = RxSwiftWithCoordinatorPatternTests.swift; sourceTree = "<group>"; };
		8944F937223A6907008B58FF /* Info.plist */ = {isa = PBXFileReference; lastKnownFileType = text.plist.xml; path = Info.plist; sourceTree = "<group>"; };
		8944F93C223A6907008B58FF /* RxSwiftWithCoordinatorPatternUITests.xctest */ = {isa = PBXFileReference; explicitFileType = wrapper.cfbundle; includeInIndex = 0; path = RxSwiftWithCoordinatorPatternUITests.xctest; sourceTree = BUILT_PRODUCTS_DIR; };
		8944F940223A6907008B58FF /* RxSwiftWithCoordinatorPatternUITests.swift */ = {isa = PBXFileReference; lastKnownFileType = sourcecode.swift; path = RxSwiftWithCoordinatorPatternUITests.swift; sourceTree = "<group>"; };
		8944F942223A6907008B58FF /* Info.plist */ = {isa = PBXFileReference; lastKnownFileType = text.plist.xml; path = Info.plist; sourceTree = "<group>"; };
		8944F94E223A6968008B58FF /* Coordinator.swift */ = {isa = PBXFileReference; lastKnownFileType = sourcecode.swift; path = Coordinator.swift; sourceTree = "<group>"; };
		8944F950223A698A008B58FF /* BaseViewController.swift */ = {isa = PBXFileReference; lastKnownFileType = sourcecode.swift; path = BaseViewController.swift; sourceTree = "<group>"; };
		8944F953223A69EB008B58FF /* DashboardViewController.swift */ = {isa = PBXFileReference; lastKnownFileType = sourcecode.swift; path = DashboardViewController.swift; sourceTree = "<group>"; };
		8944F955223A6A49008B58FF /* LoginViewController.swift */ = {isa = PBXFileReference; lastKnownFileType = sourcecode.swift; path = LoginViewController.swift; sourceTree = "<group>"; };
		8944F957223A6A54008B58FF /* SignUpViewController.swift */ = {isa = PBXFileReference; lastKnownFileType = sourcecode.swift; path = SignUpViewController.swift; sourceTree = "<group>"; };
		897BBB66224CCECC00649A4D /* DashboardUserTableViewCell.swift */ = {isa = PBXFileReference; lastKnownFileType = sourcecode.swift; path = DashboardUserTableViewCell.swift; sourceTree = "<group>"; };
		897BBB67224CCECC00649A4D /* DashboardUserTableViewCell.xib */ = {isa = PBXFileReference; lastKnownFileType = file.xib; path = DashboardUserTableViewCell.xib; sourceTree = "<group>"; };
		897BBB6A224CCFE200649A4D /* DashboardEventTableViewCell.swift */ = {isa = PBXFileReference; lastKnownFileType = sourcecode.swift; path = DashboardEventTableViewCell.swift; sourceTree = "<group>"; };
		897BBB6B224CCFE200649A4D /* DashboardEventTableViewCell.xib */ = {isa = PBXFileReference; lastKnownFileType = file.xib; path = DashboardEventTableViewCell.xib; sourceTree = "<group>"; };
		89902565224B6DB300D0412E /* Array+Extensions.swift */ = {isa = PBXFileReference; fileEncoding = 4; lastKnownFileType = sourcecode.swift; path = "Array+Extensions.swift"; sourceTree = "<group>"; };
		89902566224B6DB300D0412E /* AnimationConfiguration.swift */ = {isa = PBXFileReference; fileEncoding = 4; lastKnownFileType = sourcecode.swift; path = AnimationConfiguration.swift; sourceTree = "<group>"; };
		89902567224B6DB300D0412E /* FloatingPointType+IdentifiableType.swift */ = {isa = PBXFileReference; fileEncoding = 4; lastKnownFileType = sourcecode.swift; path = "FloatingPointType+IdentifiableType.swift"; sourceTree = "<group>"; };
		89902568224B6DB300D0412E /* RxTableViewSectionedAnimatedDataSource.swift */ = {isa = PBXFileReference; fileEncoding = 4; lastKnownFileType = sourcecode.swift; path = RxTableViewSectionedAnimatedDataSource.swift; sourceTree = "<group>"; };
		89902569224B6DB300D0412E /* RxCollectionViewSectionedReloadDataSource.swift */ = {isa = PBXFileReference; fileEncoding = 4; lastKnownFileType = sourcecode.swift; path = RxCollectionViewSectionedReloadDataSource.swift; sourceTree = "<group>"; };
		8990256A224B6DB300D0412E /* DataSources.swift */ = {isa = PBXFileReference; fileEncoding = 4; lastKnownFileType = sourcecode.swift; path = DataSources.swift; sourceTree = "<group>"; };
		8990256B224B6DB300D0412E /* String+IdentifiableType.swift */ = {isa = PBXFileReference; fileEncoding = 4; lastKnownFileType = sourcecode.swift; path = "String+IdentifiableType.swift"; sourceTree = "<group>"; };
		8990256C224B6DB300D0412E /* RxPickerViewAdapter.swift */ = {isa = PBXFileReference; fileEncoding = 4; lastKnownFileType = sourcecode.swift; path = RxPickerViewAdapter.swift; sourceTree = "<group>"; };
		8990256D224B6DB300D0412E /* Deprecated.swift */ = {isa = PBXFileReference; fileEncoding = 4; lastKnownFileType = sourcecode.swift; path = Deprecated.swift; sourceTree = "<group>"; };
		8990256E224B6DB300D0412E /* RxDataSources.h */ = {isa = PBXFileReference; fileEncoding = 4; lastKnownFileType = sourcecode.c.h; path = RxDataSources.h; sourceTree = "<group>"; };
		8990256F224B6DB300D0412E /* CollectionViewSectionedDataSource.swift */ = {isa = PBXFileReference; fileEncoding = 4; lastKnownFileType = sourcecode.swift; path = CollectionViewSectionedDataSource.swift; sourceTree = "<group>"; };
		89902570224B6DB300D0412E /* UI+SectionedViewType.swift */ = {isa = PBXFileReference; fileEncoding = 4; lastKnownFileType = sourcecode.swift; path = "UI+SectionedViewType.swift"; sourceTree = "<group>"; };
		89902571224B6DB300D0412E /* IntegerType+IdentifiableType.swift */ = {isa = PBXFileReference; fileEncoding = 4; lastKnownFileType = sourcecode.swift; path = "IntegerType+IdentifiableType.swift"; sourceTree = "<group>"; };
		89902573224B6DB300D0412E /* RxCollectionViewSectionedAnimatedDataSource.swift */ = {isa = PBXFileReference; fileEncoding = 4; lastKnownFileType = sourcecode.swift; path = RxCollectionViewSectionedAnimatedDataSource.swift; sourceTree = "<group>"; };
		89902574224B6DB300D0412E /* TableViewSectionedDataSource.swift */ = {isa = PBXFileReference; fileEncoding = 4; lastKnownFileType = sourcecode.swift; path = TableViewSectionedDataSource.swift; sourceTree = "<group>"; };
		89902575224B6DB300D0412E /* RxTableViewSectionedReloadDataSource.swift */ = {isa = PBXFileReference; fileEncoding = 4; lastKnownFileType = sourcecode.swift; path = RxTableViewSectionedReloadDataSource.swift; sourceTree = "<group>"; };
		89902576224B6DB300D0412E /* README.md */ = {isa = PBXFileReference; fileEncoding = 4; lastKnownFileType = net.daringfireball.markdown; path = README.md; sourceTree = "<group>"; };
		89902578224B6DB300D0412E /* SectionModelType.swift */ = {isa = PBXFileReference; fileEncoding = 4; lastKnownFileType = sourcecode.swift; path = SectionModelType.swift; sourceTree = "<group>"; };
		89902579224B6DB300D0412E /* Utilities.swift */ = {isa = PBXFileReference; fileEncoding = 4; lastKnownFileType = sourcecode.swift; path = Utilities.swift; sourceTree = "<group>"; };
		8990257A224B6DB300D0412E /* IdentifiableType.swift */ = {isa = PBXFileReference; fileEncoding = 4; lastKnownFileType = sourcecode.swift; path = IdentifiableType.swift; sourceTree = "<group>"; };
		8990257B224B6DB300D0412E /* SectionModel.swift */ = {isa = PBXFileReference; fileEncoding = 4; lastKnownFileType = sourcecode.swift; path = SectionModel.swift; sourceTree = "<group>"; };
		8990257C224B6DB300D0412E /* Diff.swift */ = {isa = PBXFileReference; fileEncoding = 4; lastKnownFileType = sourcecode.swift; path = Diff.swift; sourceTree = "<group>"; };
		8990257D224B6DB300D0412E /* AnimatableSectionModel.swift */ = {isa = PBXFileReference; fileEncoding = 4; lastKnownFileType = sourcecode.swift; path = AnimatableSectionModel.swift; sourceTree = "<group>"; };
		8990257E224B6DB300D0412E /* Differentiator.h */ = {isa = PBXFileReference; fileEncoding = 4; lastKnownFileType = sourcecode.c.h; path = Differentiator.h; sourceTree = "<group>"; };
		8990257F224B6DB300D0412E /* IdentifiableValue.swift */ = {isa = PBXFileReference; fileEncoding = 4; lastKnownFileType = sourcecode.swift; path = IdentifiableValue.swift; sourceTree = "<group>"; };
		89902580224B6DB300D0412E /* ItemPath.swift */ = {isa = PBXFileReference; fileEncoding = 4; lastKnownFileType = sourcecode.swift; path = ItemPath.swift; sourceTree = "<group>"; };
		89902581224B6DB300D0412E /* Optional+Extensions.swift */ = {isa = PBXFileReference; fileEncoding = 4; lastKnownFileType = sourcecode.swift; path = "Optional+Extensions.swift"; sourceTree = "<group>"; };
		89902582224B6DB300D0412E /* AnimatableSectionModelType+ItemPath.swift */ = {isa = PBXFileReference; fileEncoding = 4; lastKnownFileType = sourcecode.swift; path = "AnimatableSectionModelType+ItemPath.swift"; sourceTree = "<group>"; };
		89902583224B6DB300D0412E /* Changeset.swift */ = {isa = PBXFileReference; fileEncoding = 4; lastKnownFileType = sourcecode.swift; path = Changeset.swift; sourceTree = "<group>"; };
		89902585224B6DB300D0412E /* AnimatableSectionModelType.swift */ = {isa = PBXFileReference; fileEncoding = 4; lastKnownFileType = sourcecode.swift; path = AnimatableSectionModelType.swift; sourceTree = "<group>"; };
		89A30175223B4E460099A796 /* AppCoordinator.swift */ = {isa = PBXFileReference; lastKnownFileType = sourcecode.swift; path = AppCoordinator.swift; sourceTree = "<group>"; };
		89A30178223B4E840099A796 /* LoginCoordinator.swift */ = {isa = PBXFileReference; lastKnownFileType = sourcecode.swift; path = LoginCoordinator.swift; sourceTree = "<group>"; };
		89A3017A223B4EA30099A796 /* DashboardCoordinator.swift */ = {isa = PBXFileReference; lastKnownFileType = sourcecode.swift; path = DashboardCoordinator.swift; sourceTree = "<group>"; };
		89A3017E223B52BA0099A796 /* Main.storyboard */ = {isa = PBXFileReference; lastKnownFileType = file.storyboard; path = Main.storyboard; sourceTree = "<group>"; };
		89A30180223B54970099A796 /* SignUpCoordinator.swift */ = {isa = PBXFileReference; lastKnownFileType = sourcecode.swift; path = SignUpCoordinator.swift; sourceTree = "<group>"; };
		89A30184223B70AF0099A796 /* Extensions.swift */ = {isa = PBXFileReference; lastKnownFileType = sourcecode.swift; path = Extensions.swift; sourceTree = "<group>"; };
		89A30189223BA7610099A796 /* LoginViewModel.swift */ = {isa = PBXFileReference; lastKnownFileType = sourcecode.swift; path = LoginViewModel.swift; sourceTree = "<group>"; };
		89AA2EC222534E2F00F554E9 /* DashboardDetailViewController.swift */ = {isa = PBXFileReference; lastKnownFileType = sourcecode.swift; path = DashboardDetailViewController.swift; sourceTree = "<group>"; };
		89AA2EC422534EE000F554E9 /* DashboardDetailCoordinator.swift */ = {isa = PBXFileReference; lastKnownFileType = sourcecode.swift; path = DashboardDetailCoordinator.swift; sourceTree = "<group>"; };
		89AA2EC72253567300F554E9 /* DashboardDetailTableViewCell.swift */ = {isa = PBXFileReference; lastKnownFileType = sourcecode.swift; path = DashboardDetailTableViewCell.swift; sourceTree = "<group>"; };
		89AA2EC82253567300F554E9 /* DashboardDetailTableViewCell.xib */ = {isa = PBXFileReference; lastKnownFileType = file.xib; path = DashboardDetailTableViewCell.xib; sourceTree = "<group>"; };
		89AA2ECC22536DA800F554E9 /* DashboardDetailViewModel.swift */ = {isa = PBXFileReference; lastKnownFileType = sourcecode.swift; path = DashboardDetailViewModel.swift; sourceTree = "<group>"; };
		C5733B2358BD9AE7C558A626 /* Pods_RxSwiftWithCoordinatorPatternTests.framework */ = {isa = PBXFileReference; explicitFileType = wrapper.framework; includeInIndex = 0; path = Pods_RxSwiftWithCoordinatorPatternTests.framework; sourceTree = BUILT_PRODUCTS_DIR; };
		CFB8C943FBD5273D777DC251 /* Pods_RxSwiftWithCoordinatorPatternUITests.framework */ = {isa = PBXFileReference; explicitFileType = wrapper.framework; includeInIndex = 0; path = Pods_RxSwiftWithCoordinatorPatternUITests.framework; sourceTree = BUILT_PRODUCTS_DIR; };
		E966E4566A156792AF71D729 /* Pods-RxSwiftWithCoordinatorPatternTests.release.xcconfig */ = {isa = PBXFileReference; includeInIndex = 1; lastKnownFileType = text.xcconfig; name = "Pods-RxSwiftWithCoordinatorPatternTests.release.xcconfig"; path = "Target Support Files/Pods-RxSwiftWithCoordinatorPatternTests/Pods-RxSwiftWithCoordinatorPatternTests.release.xcconfig"; sourceTree = "<group>"; };
		F1E5C77FC69762D1C84CD088 /* Pods-RxSwiftWithCoordinatorPatternTests.debug.xcconfig */ = {isa = PBXFileReference; includeInIndex = 1; lastKnownFileType = text.xcconfig; name = "Pods-RxSwiftWithCoordinatorPatternTests.debug.xcconfig"; path = "Target Support Files/Pods-RxSwiftWithCoordinatorPatternTests/Pods-RxSwiftWithCoordinatorPatternTests.debug.xcconfig"; sourceTree = "<group>"; };
		FECDC5583DE60D4F8EEA9098 /* Pods-RxSwiftWithCoordinatorPattern.release.xcconfig */ = {isa = PBXFileReference; includeInIndex = 1; lastKnownFileType = text.xcconfig; name = "Pods-RxSwiftWithCoordinatorPattern.release.xcconfig"; path = "Target Support Files/Pods-RxSwiftWithCoordinatorPattern/Pods-RxSwiftWithCoordinatorPattern.release.xcconfig"; sourceTree = "<group>"; };
/* End PBXFileReference section */

/* Begin PBXFrameworksBuildPhase section */
		8944F91A223A6905008B58FF /* Frameworks */ = {
			isa = PBXFrameworksBuildPhase;
			buildActionMask = 2147483647;
			files = (
				20588467F4ACA00429484565 /* Pods_RxSwiftWithCoordinatorPattern.framework in Frameworks */,
			);
			runOnlyForDeploymentPostprocessing = 0;
		};
		8944F92E223A6907008B58FF /* Frameworks */ = {
			isa = PBXFrameworksBuildPhase;
			buildActionMask = 2147483647;
			files = (
				C680D8ACCB0103034C8B2C59 /* Pods_RxSwiftWithCoordinatorPatternTests.framework in Frameworks */,
			);
			runOnlyForDeploymentPostprocessing = 0;
		};
		8944F939223A6907008B58FF /* Frameworks */ = {
			isa = PBXFrameworksBuildPhase;
			buildActionMask = 2147483647;
			files = (
				81836A7667E4FB77AE935488 /* Pods_RxSwiftWithCoordinatorPatternUITests.framework in Frameworks */,
			);
			runOnlyForDeploymentPostprocessing = 0;
		};
/* End PBXFrameworksBuildPhase section */

/* Begin PBXGroup section */
		603B0F0A2D865A167B40413C /* Pods */ = {
			isa = PBXGroup;
			children = (
				2EE1DED2D54E97DBFB222955 /* Pods-RxSwiftWithCoordinatorPattern.debug.xcconfig */,
				FECDC5583DE60D4F8EEA9098 /* Pods-RxSwiftWithCoordinatorPattern.release.xcconfig */,
				F1E5C77FC69762D1C84CD088 /* Pods-RxSwiftWithCoordinatorPatternTests.debug.xcconfig */,
				E966E4566A156792AF71D729 /* Pods-RxSwiftWithCoordinatorPatternTests.release.xcconfig */,
				77EFA75296464139F16E4ACD /* Pods-RxSwiftWithCoordinatorPatternUITests.debug.xcconfig */,
				0D7C1C334CB974BC44ABF962 /* Pods-RxSwiftWithCoordinatorPatternUITests.release.xcconfig */,
			);
			path = Pods;
			sourceTree = "<group>";
		};
		89228C5D22521C6800A26FD1 /* Views */ = {
			isa = PBXGroup;
			children = (
				89228C5E22521C7C00A26FD1 /* ToastView.swift */,
				89228C6022521C8200A26FD1 /* ToastView.xib */,
			);
			path = Views;
			sourceTree = "<group>";
		};
		89228C66225228E200A26FD1 /* API */ = {
			isa = PBXGroup;
			children = (
				89228C67225228E200A26FD1 /* GithubDefaultAPI.swift */,
			);
			path = API;
			sourceTree = "<group>";
		};
		89228C69225228E800A26FD1 /* Service */ = {
			isa = PBXGroup;
			children = (
				89228C6A225228E800A26FD1 /* WireFrame.swift */,
				89228C6B225228E800A26FD1 /* ActivityIndicator.swift */,
			);
			path = Service;
			sourceTree = "<group>";
		};
		8944F914223A6905008B58FF = {
			isa = PBXGroup;
			children = (
				8944F91F223A6905008B58FF /* RxSwiftWithCoordinatorPattern */,
				8944F934223A6907008B58FF /* RxSwiftWithCoordinatorPatternTests */,
				8944F93F223A6907008B58FF /* RxSwiftWithCoordinatorPatternUITests */,
				8944F91E223A6905008B58FF /* Products */,
				603B0F0A2D865A167B40413C /* Pods */,
				93D023757B8E251E848D8CD2 /* Frameworks */,
			);
			sourceTree = "<group>";
		};
		8944F91E223A6905008B58FF /* Products */ = {
			isa = PBXGroup;
			children = (
				8944F91D223A6905008B58FF /* RxSwiftWithCoordinatorPattern.app */,
				8944F931223A6907008B58FF /* RxSwiftWithCoordinatorPatternTests.xctest */,
				8944F93C223A6907008B58FF /* RxSwiftWithCoordinatorPatternUITests.xctest */,
			);
			name = Products;
			sourceTree = "<group>";
		};
		8944F91F223A6905008B58FF /* RxSwiftWithCoordinatorPattern */ = {
			isa = PBXGroup;
			children = (
				89228C69225228E800A26FD1 /* Service */,
				89228C66225228E200A26FD1 /* API */,
				89228C5D22521C6800A26FD1 /* Views */,
				89902563224B6DB300D0412E /* RxDataSources */,
				89A30188223BA71F0099A796 /* SignUp */,
				89A30187223BA7190099A796 /* Login */,
				89A30186223BA7100099A796 /* Dashboard */,
				89AA2EC122534E1300F554E9 /* DashboardDetail */,
				89A30177223B4E6C0099A796 /* Coordinators */,
				8944F952223A699F008B58FF /* Supporting Files */,
				8944F950223A698A008B58FF /* BaseViewController.swift */,
				8944F920223A6905008B58FF /* AppDelegate.swift */,
				89A3017E223B52BA0099A796 /* Main.storyboard */,
				8944F92C223A6907008B58FF /* Info.plist */,
				89A30184223B70AF0099A796 /* Extensions.swift */,
				89228C59225216E000A26FD1 /* Constants.swift */,
				89228C6E2252290F00A26FD1 /* Protocols.swift */,
				89228C5B2252190E00A26FD1 /* Tools.swift */,
			);
			path = RxSwiftWithCoordinatorPattern;
			sourceTree = "<group>";
		};
		8944F934223A6907008B58FF /* RxSwiftWithCoordinatorPatternTests */ = {
			isa = PBXGroup;
			children = (
				8944F935223A6907008B58FF /* RxSwiftWithCoordinatorPatternTests.swift */,
				8944F937223A6907008B58FF /* Info.plist */,
			);
			path = RxSwiftWithCoordinatorPatternTests;
			sourceTree = "<group>";
		};
		8944F93F223A6907008B58FF /* RxSwiftWithCoordinatorPatternUITests */ = {
			isa = PBXGroup;
			children = (
				8944F940223A6907008B58FF /* RxSwiftWithCoordinatorPatternUITests.swift */,
				8944F942223A6907008B58FF /* Info.plist */,
			);
			path = RxSwiftWithCoordinatorPatternUITests;
			sourceTree = "<group>";
		};
		8944F952223A699F008B58FF /* Supporting Files */ = {
			isa = PBXGroup;
			children = (
				8944F929223A6907008B58FF /* LaunchScreen.storyboard */,
				8944F927223A6907008B58FF /* Assets.xcassets */,
			);
			path = "Supporting Files";
			sourceTree = "<group>";
		};
		897BBB65224CCEB000649A4D /* Cells */ = {
			isa = PBXGroup;
			children = (
				897BBB66224CCECC00649A4D /* DashboardUserTableViewCell.swift */,
				897BBB67224CCECC00649A4D /* DashboardUserTableViewCell.xib */,
				897BBB6A224CCFE200649A4D /* DashboardEventTableViewCell.swift */,
				897BBB6B224CCFE200649A4D /* DashboardEventTableViewCell.xib */,
			);
			path = Cells;
			sourceTree = "<group>";
		};
		89902563224B6DB300D0412E /* RxDataSources */ = {
			isa = PBXGroup;
			children = (
				89902564224B6DB300D0412E /* RxDataSources */,
				89902576224B6DB300D0412E /* README.md */,
				89902577224B6DB300D0412E /* Differentiator */,
			);
			path = RxDataSources;
			sourceTree = "<group>";
		};
		89902564224B6DB300D0412E /* RxDataSources */ = {
			isa = PBXGroup;
			children = (
				89902565224B6DB300D0412E /* Array+Extensions.swift */,
				89902566224B6DB300D0412E /* AnimationConfiguration.swift */,
				89902567224B6DB300D0412E /* FloatingPointType+IdentifiableType.swift */,
				89902568224B6DB300D0412E /* RxTableViewSectionedAnimatedDataSource.swift */,
				89902569224B6DB300D0412E /* RxCollectionViewSectionedReloadDataSource.swift */,
				8990256A224B6DB300D0412E /* DataSources.swift */,
				8990256B224B6DB300D0412E /* String+IdentifiableType.swift */,
				8990256C224B6DB300D0412E /* RxPickerViewAdapter.swift */,
				8990256D224B6DB300D0412E /* Deprecated.swift */,
				8990256E224B6DB300D0412E /* RxDataSources.h */,
				8990256F224B6DB300D0412E /* CollectionViewSectionedDataSource.swift */,
				89902570224B6DB300D0412E /* UI+SectionedViewType.swift */,
				89902571224B6DB300D0412E /* IntegerType+IdentifiableType.swift */,
				89902573224B6DB300D0412E /* RxCollectionViewSectionedAnimatedDataSource.swift */,
				89902574224B6DB300D0412E /* TableViewSectionedDataSource.swift */,
				89902575224B6DB300D0412E /* RxTableViewSectionedReloadDataSource.swift */,
			);
			path = RxDataSources;
			sourceTree = "<group>";
		};
		89902577224B6DB300D0412E /* Differentiator */ = {
			isa = PBXGroup;
			children = (
				89902578224B6DB300D0412E /* SectionModelType.swift */,
				89902579224B6DB300D0412E /* Utilities.swift */,
				8990257A224B6DB300D0412E /* IdentifiableType.swift */,
				8990257B224B6DB300D0412E /* SectionModel.swift */,
				8990257C224B6DB300D0412E /* Diff.swift */,
				8990257D224B6DB300D0412E /* AnimatableSectionModel.swift */,
				8990257E224B6DB300D0412E /* Differentiator.h */,
				8990257F224B6DB300D0412E /* IdentifiableValue.swift */,
				89902580224B6DB300D0412E /* ItemPath.swift */,
				89902581224B6DB300D0412E /* Optional+Extensions.swift */,
				89902582224B6DB300D0412E /* AnimatableSectionModelType+ItemPath.swift */,
				89902583224B6DB300D0412E /* Changeset.swift */,
				89902585224B6DB300D0412E /* AnimatableSectionModelType.swift */,
			);
			path = Differentiator;
			sourceTree = "<group>";
		};
		89A30177223B4E6C0099A796 /* Coordinators */ = {
			isa = PBXGroup;
			children = (
				8944F94E223A6968008B58FF /* Coordinator.swift */,
				89A30175223B4E460099A796 /* AppCoordinator.swift */,
			);
			path = Coordinators;
			sourceTree = "<group>";
		};
		89A30186223BA7100099A796 /* Dashboard */ = {
			isa = PBXGroup;
			children = (
				897BBB65224CCEB000649A4D /* Cells */,
				8944F953223A69EB008B58FF /* DashboardViewController.swift */,
				89A3017A223B4EA30099A796 /* DashboardCoordinator.swift */,
				89311718223FAC7B00E362F9 /* DashboardModels.swift */,
				892D8400224E2BB00019FFE6 /* DashboardViewModel.swift */,
			);
			path = Dashboard;
			sourceTree = "<group>";
		};
		89A30187223BA7190099A796 /* Login */ = {
			isa = PBXGroup;
			children = (
				8944F955223A6A49008B58FF /* LoginViewController.swift */,
				89A30178223B4E840099A796 /* LoginCoordinator.swift */,
				89A30189223BA7610099A796 /* LoginViewModel.swift */,
			);
			path = Login;
			sourceTree = "<group>";
		};
		89A30188223BA71F0099A796 /* SignUp */ = {
			isa = PBXGroup;
			children = (
				8944F957223A6A54008B58FF /* SignUpViewController.swift */,
				89A30180223B54970099A796 /* SignUpCoordinator.swift */,
				89228C55225209AC00A26FD1 /* SignUpViewModel.swift */,
			);
			path = SignUp;
			sourceTree = "<group>";
		};
		89AA2EC122534E1300F554E9 /* DashboardDetail */ = {
			isa = PBXGroup;
			children = (
				89AA2EC62253565D00F554E9 /* Cells */,
				89AA2EC222534E2F00F554E9 /* DashboardDetailViewController.swift */,
				89AA2EC422534EE000F554E9 /* DashboardDetailCoordinator.swift */,
				89AA2ECC22536DA800F554E9 /* DashboardDetailViewModel.swift */,
			);
			path = DashboardDetail;
			sourceTree = "<group>";
		};
		89AA2EC62253565D00F554E9 /* Cells */ = {
			isa = PBXGroup;
			children = (
				89AA2EC72253567300F554E9 /* DashboardDetailTableViewCell.swift */,
				89AA2EC82253567300F554E9 /* DashboardDetailTableViewCell.xib */,
			);
			path = Cells;
			sourceTree = "<group>";
		};
		93D023757B8E251E848D8CD2 /* Frameworks */ = {
			isa = PBXGroup;
			children = (
				57B293DE98BB4D8A3617ADAF /* Pods_RxSwiftWithCoordinatorPattern.framework */,
				C5733B2358BD9AE7C558A626 /* Pods_RxSwiftWithCoordinatorPatternTests.framework */,
				CFB8C943FBD5273D777DC251 /* Pods_RxSwiftWithCoordinatorPatternUITests.framework */,
			);
			name = Frameworks;
			sourceTree = "<group>";
		};
/* End PBXGroup section */

/* Begin PBXNativeTarget section */
		8944F91C223A6905008B58FF /* RxSwiftWithCoordinatorPattern */ = {
			isa = PBXNativeTarget;
			buildConfigurationList = 8944F945223A6907008B58FF /* Build configuration list for PBXNativeTarget "RxSwiftWithCoordinatorPattern" */;
			buildPhases = (
				84BAA4BB0862F1CB8DFF166B /* [CP] Check Pods Manifest.lock */,
				8944F919223A6905008B58FF /* Sources */,
				8944F91A223A6905008B58FF /* Frameworks */,
				8944F91B223A6905008B58FF /* Resources */,
				0DE206456AAF874696D8810F /* [CP] Embed Pods Frameworks */,
			);
			buildRules = (
			);
			dependencies = (
			);
			name = RxSwiftWithCoordinatorPattern;
			productName = RxSwiftWithCoordinatorPattern;
			productReference = 8944F91D223A6905008B58FF /* RxSwiftWithCoordinatorPattern.app */;
			productType = "com.apple.product-type.application";
		};
		8944F930223A6907008B58FF /* RxSwiftWithCoordinatorPatternTests */ = {
			isa = PBXNativeTarget;
			buildConfigurationList = 8944F948223A6907008B58FF /* Build configuration list for PBXNativeTarget "RxSwiftWithCoordinatorPatternTests" */;
			buildPhases = (
				9CDFB1B27301A58B6B0549F4 /* [CP] Check Pods Manifest.lock */,
				8944F92D223A6907008B58FF /* Sources */,
				8944F92E223A6907008B58FF /* Frameworks */,
				8944F92F223A6907008B58FF /* Resources */,
			);
			buildRules = (
			);
			dependencies = (
				8944F933223A6907008B58FF /* PBXTargetDependency */,
			);
			name = RxSwiftWithCoordinatorPatternTests;
			productName = RxSwiftWithCoordinatorPatternTests;
			productReference = 8944F931223A6907008B58FF /* RxSwiftWithCoordinatorPatternTests.xctest */;
			productType = "com.apple.product-type.bundle.unit-test";
		};
		8944F93B223A6907008B58FF /* RxSwiftWithCoordinatorPatternUITests */ = {
			isa = PBXNativeTarget;
			buildConfigurationList = 8944F94B223A6907008B58FF /* Build configuration list for PBXNativeTarget "RxSwiftWithCoordinatorPatternUITests" */;
			buildPhases = (
				25C4BF678D498CFE02CBEC6D /* [CP] Check Pods Manifest.lock */,
				8944F938223A6907008B58FF /* Sources */,
				8944F939223A6907008B58FF /* Frameworks */,
				8944F93A223A6907008B58FF /* Resources */,
			);
			buildRules = (
			);
			dependencies = (
				8944F93E223A6907008B58FF /* PBXTargetDependency */,
			);
			name = RxSwiftWithCoordinatorPatternUITests;
			productName = RxSwiftWithCoordinatorPatternUITests;
			productReference = 8944F93C223A6907008B58FF /* RxSwiftWithCoordinatorPatternUITests.xctest */;
			productType = "com.apple.product-type.bundle.ui-testing";
		};
/* End PBXNativeTarget section */

/* Begin PBXProject section */
		8944F915223A6905008B58FF /* Project object */ = {
			isa = PBXProject;
			attributes = {
				LastSwiftUpdateCheck = 1010;
				LastUpgradeCheck = 1010;
				ORGANIZATIONNAME = fshen;
				TargetAttributes = {
					8944F91C223A6905008B58FF = {
						CreatedOnToolsVersion = 10.1;
					};
					8944F930223A6907008B58FF = {
						CreatedOnToolsVersion = 10.1;
						TestTargetID = 8944F91C223A6905008B58FF;
					};
					8944F93B223A6907008B58FF = {
						CreatedOnToolsVersion = 10.1;
						TestTargetID = 8944F91C223A6905008B58FF;
					};
				};
			};
			buildConfigurationList = 8944F918223A6905008B58FF /* Build configuration list for PBXProject "RxSwiftWithCoordinatorPattern" */;
			compatibilityVersion = "Xcode 9.3";
			developmentRegion = en;
			hasScannedForEncodings = 0;
			knownRegions = (
				en,
				Base,
			);
			mainGroup = 8944F914223A6905008B58FF;
			productRefGroup = 8944F91E223A6905008B58FF /* Products */;
			projectDirPath = "";
			projectRoot = "";
			targets = (
				8944F91C223A6905008B58FF /* RxSwiftWithCoordinatorPattern */,
				8944F930223A6907008B58FF /* RxSwiftWithCoordinatorPatternTests */,
				8944F93B223A6907008B58FF /* RxSwiftWithCoordinatorPatternUITests */,
			);
		};
/* End PBXProject section */

/* Begin PBXResourcesBuildPhase section */
		8944F91B223A6905008B58FF /* Resources */ = {
			isa = PBXResourcesBuildPhase;
			buildActionMask = 2147483647;
			files = (
				89902596224B6DB400D0412E /* README.md in Resources */,
				897BBB6D224CCFE200649A4D /* DashboardEventTableViewCell.xib in Resources */,
				89228C6122521C8200A26FD1 /* ToastView.xib in Resources */,
				89A3017F223B52BA0099A796 /* Main.storyboard in Resources */,
				8944F92B223A6907008B58FF /* LaunchScreen.storyboard in Resources */,
				897BBB69224CCECC00649A4D /* DashboardUserTableViewCell.xib in Resources */,
				89AA2ECA2253567300F554E9 /* DashboardDetailTableViewCell.xib in Resources */,
				8944F928223A6907008B58FF /* Assets.xcassets in Resources */,
			);
			runOnlyForDeploymentPostprocessing = 0;
		};
		8944F92F223A6907008B58FF /* Resources */ = {
			isa = PBXResourcesBuildPhase;
			buildActionMask = 2147483647;
			files = (
			);
			runOnlyForDeploymentPostprocessing = 0;
		};
		8944F93A223A6907008B58FF /* Resources */ = {
			isa = PBXResourcesBuildPhase;
			buildActionMask = 2147483647;
			files = (
			);
			runOnlyForDeploymentPostprocessing = 0;
		};
/* End PBXResourcesBuildPhase section */

/* Begin PBXShellScriptBuildPhase section */
		0DE206456AAF874696D8810F /* [CP] Embed Pods Frameworks */ = {
			isa = PBXShellScriptBuildPhase;
			buildActionMask = 2147483647;
			files = (
			);
			inputFileListPaths = (
			);
			inputPaths = (
				"${PODS_ROOT}/Target Support Files/Pods-RxSwiftWithCoordinatorPattern/Pods-RxSwiftWithCoordinatorPattern-frameworks.sh",
				"${BUILT_PRODUCTS_DIR}/RxAtomic/RxAtomic.framework",
				"${BUILT_PRODUCTS_DIR}/RxCocoa/RxCocoa.framework",
				"${BUILT_PRODUCTS_DIR}/RxSwift/RxSwift.framework",
			);
			name = "[CP] Embed Pods Frameworks";
			outputFileListPaths = (
			);
			outputPaths = (
				"${TARGET_BUILD_DIR}/${FRAMEWORKS_FOLDER_PATH}/RxAtomic.framework",
				"${TARGET_BUILD_DIR}/${FRAMEWORKS_FOLDER_PATH}/RxCocoa.framework",
				"${TARGET_BUILD_DIR}/${FRAMEWORKS_FOLDER_PATH}/RxSwift.framework",
			);
			runOnlyForDeploymentPostprocessing = 0;
			shellPath = /bin/sh;
			shellScript = "\"${PODS_ROOT}/Target Support Files/Pods-RxSwiftWithCoordinatorPattern/Pods-RxSwiftWithCoordinatorPattern-frameworks.sh\"\n";
			showEnvVarsInLog = 0;
		};
		25C4BF678D498CFE02CBEC6D /* [CP] Check Pods Manifest.lock */ = {
			isa = PBXShellScriptBuildPhase;
			buildActionMask = 2147483647;
			files = (
			);
			inputFileListPaths = (
			);
			inputPaths = (
				"${PODS_PODFILE_DIR_PATH}/Podfile.lock",
				"${PODS_ROOT}/Manifest.lock",
			);
			name = "[CP] Check Pods Manifest.lock";
			outputFileListPaths = (
			);
			outputPaths = (
				"$(DERIVED_FILE_DIR)/Pods-RxSwiftWithCoordinatorPatternUITests-checkManifestLockResult.txt",
			);
			runOnlyForDeploymentPostprocessing = 0;
			shellPath = /bin/sh;
			shellScript = "diff \"${PODS_PODFILE_DIR_PATH}/Podfile.lock\" \"${PODS_ROOT}/Manifest.lock\" > /dev/null\nif [ $? != 0 ] ; then\n    # print error to STDERR\n    echo \"error: The sandbox is not in sync with the Podfile.lock. Run 'pod install' or update your CocoaPods installation.\" >&2\n    exit 1\nfi\n# This output is used by Xcode 'outputs' to avoid re-running this script phase.\necho \"SUCCESS\" > \"${SCRIPT_OUTPUT_FILE_0}\"\n";
			showEnvVarsInLog = 0;
		};
		84BAA4BB0862F1CB8DFF166B /* [CP] Check Pods Manifest.lock */ = {
			isa = PBXShellScriptBuildPhase;
			buildActionMask = 2147483647;
			files = (
			);
			inputFileListPaths = (
			);
			inputPaths = (
				"${PODS_PODFILE_DIR_PATH}/Podfile.lock",
				"${PODS_ROOT}/Manifest.lock",
			);
			name = "[CP] Check Pods Manifest.lock";
			outputFileListPaths = (
			);
			outputPaths = (
				"$(DERIVED_FILE_DIR)/Pods-RxSwiftWithCoordinatorPattern-checkManifestLockResult.txt",
			);
			runOnlyForDeploymentPostprocessing = 0;
			shellPath = /bin/sh;
			shellScript = "diff \"${PODS_PODFILE_DIR_PATH}/Podfile.lock\" \"${PODS_ROOT}/Manifest.lock\" > /dev/null\nif [ $? != 0 ] ; then\n    # print error to STDERR\n    echo \"error: The sandbox is not in sync with the Podfile.lock. Run 'pod install' or update your CocoaPods installation.\" >&2\n    exit 1\nfi\n# This output is used by Xcode 'outputs' to avoid re-running this script phase.\necho \"SUCCESS\" > \"${SCRIPT_OUTPUT_FILE_0}\"\n";
			showEnvVarsInLog = 0;
		};
		9CDFB1B27301A58B6B0549F4 /* [CP] Check Pods Manifest.lock */ = {
			isa = PBXShellScriptBuildPhase;
			buildActionMask = 2147483647;
			files = (
			);
			inputFileListPaths = (
			);
			inputPaths = (
				"${PODS_PODFILE_DIR_PATH}/Podfile.lock",
				"${PODS_ROOT}/Manifest.lock",
			);
			name = "[CP] Check Pods Manifest.lock";
			outputFileListPaths = (
			);
			outputPaths = (
				"$(DERIVED_FILE_DIR)/Pods-RxSwiftWithCoordinatorPatternTests-checkManifestLockResult.txt",
			);
			runOnlyForDeploymentPostprocessing = 0;
			shellPath = /bin/sh;
			shellScript = "diff \"${PODS_PODFILE_DIR_PATH}/Podfile.lock\" \"${PODS_ROOT}/Manifest.lock\" > /dev/null\nif [ $? != 0 ] ; then\n    # print error to STDERR\n    echo \"error: The sandbox is not in sync with the Podfile.lock. Run 'pod install' or update your CocoaPods installation.\" >&2\n    exit 1\nfi\n# This output is used by Xcode 'outputs' to avoid re-running this script phase.\necho \"SUCCESS\" > \"${SCRIPT_OUTPUT_FILE_0}\"\n";
			showEnvVarsInLog = 0;
		};
/* End PBXShellScriptBuildPhase section */

/* Begin PBXSourcesBuildPhase section */
		8944F919223A6905008B58FF /* Sources */ = {
			isa = PBXSourcesBuildPhase;
			buildActionMask = 2147483647;
			files = (
				89AA2EC522534EE000F554E9 /* DashboardDetailCoordinator.swift in Sources */,
				89AA2EC322534E2F00F554E9 /* DashboardDetailViewController.swift in Sources */,
				8990258E224B6DB400D0412E /* Deprecated.swift in Sources */,
				89902591224B6DB400D0412E /* IntegerType+IdentifiableType.swift in Sources */,
				8944F956223A6A49008B58FF /* LoginViewController.swift in Sources */,
				89228C68225228E200A26FD1 /* GithubDefaultAPI.swift in Sources */,
				89228C6C225228E800A26FD1 /* WireFrame.swift in Sources */,
				89A3017B223B4EA30099A796 /* DashboardCoordinator.swift in Sources */,
				8944F958223A6A54008B58FF /* SignUpViewController.swift in Sources */,
				8944F94F223A6968008B58FF /* Coordinator.swift in Sources */,
				8990259B224B6DB400D0412E /* Diff.swift in Sources */,
				89902597224B6DB400D0412E /* SectionModelType.swift in Sources */,
				89AA2ECD22536DA800F554E9 /* DashboardDetailViewModel.swift in Sources */,
				89902593224B6DB400D0412E /* RxCollectionViewSectionedAnimatedDataSource.swift in Sources */,
				89902587224B6DB400D0412E /* AnimationConfiguration.swift in Sources */,
				8944F951223A698A008B58FF /* BaseViewController.swift in Sources */,
				89902588224B6DB400D0412E /* FloatingPointType+IdentifiableType.swift in Sources */,
				8990258A224B6DB400D0412E /* RxCollectionViewSectionedReloadDataSource.swift in Sources */,
				89228C6F2252290F00A26FD1 /* Protocols.swift in Sources */,
				8990259C224B6DB400D0412E /* AnimatableSectionModel.swift in Sources */,
				89228C6D225228E800A26FD1 /* ActivityIndicator.swift in Sources */,
				899025A3224B6DB400D0412E /* AnimatableSectionModelType.swift in Sources */,
				8990259D224B6DB400D0412E /* IdentifiableValue.swift in Sources */,
				899025A0224B6DB400D0412E /* AnimatableSectionModelType+ItemPath.swift in Sources */,
				89902594224B6DB400D0412E /* TableViewSectionedDataSource.swift in Sources */,
				89228C5C2252190E00A26FD1 /* Tools.swift in Sources */,
				89A30176223B4E460099A796 /* AppCoordinator.swift in Sources */,
				8990258B224B6DB400D0412E /* DataSources.swift in Sources */,
				8990259F224B6DB400D0412E /* Optional+Extensions.swift in Sources */,
				89902595224B6DB400D0412E /* RxTableViewSectionedReloadDataSource.swift in Sources */,
				89A30181223B54970099A796 /* SignUpCoordinator.swift in Sources */,
				8990258F224B6DB400D0412E /* CollectionViewSectionedDataSource.swift in Sources */,
				8944F954223A69EB008B58FF /* DashboardViewController.swift in Sources */,
				89902590224B6DB400D0412E /* UI+SectionedViewType.swift in Sources */,
				8990259A224B6DB400D0412E /* SectionModel.swift in Sources */,
				892D8401224E2BB00019FFE6 /* DashboardViewModel.swift in Sources */,
				89902599224B6DB400D0412E /* IdentifiableType.swift in Sources */,
				897BBB6C224CCFE200649A4D /* DashboardEventTableViewCell.swift in Sources */,
				89902589224B6DB400D0412E /* RxTableViewSectionedAnimatedDataSource.swift in Sources */,
				89A3018A223BA7610099A796 /* LoginViewModel.swift in Sources */,
				89228C5F22521C7C00A26FD1 /* ToastView.swift in Sources */,
				89228C56225209AC00A26FD1 /* SignUpViewModel.swift in Sources */,
				8990258D224B6DB400D0412E /* RxPickerViewAdapter.swift in Sources */,
				89902586224B6DB400D0412E /* Array+Extensions.swift in Sources */,
				897BBB68224CCECC00649A4D /* DashboardUserTableViewCell.swift in Sources */,
				89311719223FAC7B00E362F9 /* DashboardModels.swift in Sources */,
				89A30179223B4E840099A796 /* LoginCoordinator.swift in Sources */,
				8990258C224B6DB400D0412E /* String+IdentifiableType.swift in Sources */,
				89AA2EC92253567300F554E9 /* DashboardDetailTableViewCell.swift in Sources */,
				89A30185223B70AF0099A796 /* Extensions.swift in Sources */,
				8990259E224B6DB400D0412E /* ItemPath.swift in Sources */,
				899025A1224B6DB400D0412E /* Changeset.swift in Sources */,
				89228C5A225216E000A26FD1 /* Constants.swift in Sources */,
				89902598224B6DB400D0412E /* Utilities.swift in Sources */,
				8944F921223A6905008B58FF /* AppDelegate.swift in Sources */,
			);
			runOnlyForDeploymentPostprocessing = 0;
		};
		8944F92D223A6907008B58FF /* Sources */ = {
			isa = PBXSourcesBuildPhase;
			buildActionMask = 2147483647;
			files = (
				8944F936223A6907008B58FF /* RxSwiftWithCoordinatorPatternTests.swift in Sources */,
			);
			runOnlyForDeploymentPostprocessing = 0;
		};
		8944F938223A6907008B58FF /* Sources */ = {
			isa = PBXSourcesBuildPhase;
			buildActionMask = 2147483647;
			files = (
				8944F941223A6907008B58FF /* RxSwiftWithCoordinatorPatternUITests.swift in Sources */,
			);
			runOnlyForDeploymentPostprocessing = 0;
		};
/* End PBXSourcesBuildPhase section */

/* Begin PBXTargetDependency section */
		8944F933223A6907008B58FF /* PBXTargetDependency */ = {
			isa = PBXTargetDependency;
			target = 8944F91C223A6905008B58FF /* RxSwiftWithCoordinatorPattern */;
			targetProxy = 8944F932223A6907008B58FF /* PBXContainerItemProxy */;
		};
		8944F93E223A6907008B58FF /* PBXTargetDependency */ = {
			isa = PBXTargetDependency;
			target = 8944F91C223A6905008B58FF /* RxSwiftWithCoordinatorPattern */;
			targetProxy = 8944F93D223A6907008B58FF /* PBXContainerItemProxy */;
		};
/* End PBXTargetDependency section */

/* Begin PBXVariantGroup section */
		8944F929223A6907008B58FF /* LaunchScreen.storyboard */ = {
			isa = PBXVariantGroup;
			children = (
				8944F92A223A6907008B58FF /* Base */,
			);
			name = LaunchScreen.storyboard;
			sourceTree = "<group>";
		};
/* End PBXVariantGroup section */

/* Begin XCBuildConfiguration section */
		8944F943223A6907008B58FF /* Debug */ = {
			isa = XCBuildConfiguration;
			buildSettings = {
				ALWAYS_SEARCH_USER_PATHS = NO;
				CLANG_ANALYZER_NONNULL = YES;
				CLANG_ANALYZER_NUMBER_OBJECT_CONVERSION = YES_AGGRESSIVE;
				CLANG_CXX_LANGUAGE_STANDARD = "gnu++14";
				CLANG_CXX_LIBRARY = "libc++";
				CLANG_ENABLE_MODULES = YES;
				CLANG_ENABLE_OBJC_ARC = YES;
				CLANG_ENABLE_OBJC_WEAK = YES;
				CLANG_WARN_BLOCK_CAPTURE_AUTORELEASING = YES;
				CLANG_WARN_BOOL_CONVERSION = YES;
				CLANG_WARN_COMMA = YES;
				CLANG_WARN_CONSTANT_CONVERSION = YES;
				CLANG_WARN_DEPRECATED_OBJC_IMPLEMENTATIONS = YES;
				CLANG_WARN_DIRECT_OBJC_ISA_USAGE = YES_ERROR;
				CLANG_WARN_DOCUMENTATION_COMMENTS = YES;
				CLANG_WARN_EMPTY_BODY = YES;
				CLANG_WARN_ENUM_CONVERSION = YES;
				CLANG_WARN_INFINITE_RECURSION = YES;
				CLANG_WARN_INT_CONVERSION = YES;
				CLANG_WARN_NON_LITERAL_NULL_CONVERSION = YES;
				CLANG_WARN_OBJC_IMPLICIT_RETAIN_SELF = YES;
				CLANG_WARN_OBJC_LITERAL_CONVERSION = YES;
				CLANG_WARN_OBJC_ROOT_CLASS = YES_ERROR;
				CLANG_WARN_RANGE_LOOP_ANALYSIS = YES;
				CLANG_WARN_STRICT_PROTOTYPES = YES;
				CLANG_WARN_SUSPICIOUS_MOVE = YES;
				CLANG_WARN_UNGUARDED_AVAILABILITY = YES_AGGRESSIVE;
				CLANG_WARN_UNREACHABLE_CODE = YES;
				CLANG_WARN__DUPLICATE_METHOD_MATCH = YES;
				CODE_SIGN_IDENTITY = "iPhone Developer";
				COPY_PHASE_STRIP = NO;
				DEBUG_INFORMATION_FORMAT = dwarf;
				ENABLE_STRICT_OBJC_MSGSEND = YES;
				ENABLE_TESTABILITY = YES;
				GCC_C_LANGUAGE_STANDARD = gnu11;
				GCC_DYNAMIC_NO_PIC = NO;
				GCC_NO_COMMON_BLOCKS = YES;
				GCC_OPTIMIZATION_LEVEL = 0;
				GCC_PREPROCESSOR_DEFINITIONS = (
					"DEBUG=1",
					"$(inherited)",
				);
				GCC_WARN_64_TO_32_BIT_CONVERSION = YES;
				GCC_WARN_ABOUT_RETURN_TYPE = YES_ERROR;
				GCC_WARN_UNDECLARED_SELECTOR = YES;
				GCC_WARN_UNINITIALIZED_AUTOS = YES_AGGRESSIVE;
				GCC_WARN_UNUSED_FUNCTION = YES;
				GCC_WARN_UNUSED_VARIABLE = YES;
				IPHONEOS_DEPLOYMENT_TARGET = 12.1;
				MTL_ENABLE_DEBUG_INFO = INCLUDE_SOURCE;
				MTL_FAST_MATH = YES;
				ONLY_ACTIVE_ARCH = YES;
				SDKROOT = iphoneos;
				SWIFT_ACTIVE_COMPILATION_CONDITIONS = DEBUG;
				SWIFT_OPTIMIZATION_LEVEL = "-Onone";
			};
			name = Debug;
		};
		8944F944223A6907008B58FF /* Release */ = {
			isa = XCBuildConfiguration;
			buildSettings = {
				ALWAYS_SEARCH_USER_PATHS = NO;
				CLANG_ANALYZER_NONNULL = YES;
				CLANG_ANALYZER_NUMBER_OBJECT_CONVERSION = YES_AGGRESSIVE;
				CLANG_CXX_LANGUAGE_STANDARD = "gnu++14";
				CLANG_CXX_LIBRARY = "libc++";
				CLANG_ENABLE_MODULES = YES;
				CLANG_ENABLE_OBJC_ARC = YES;
				CLANG_ENABLE_OBJC_WEAK = YES;
				CLANG_WARN_BLOCK_CAPTURE_AUTORELEASING = YES;
				CLANG_WARN_BOOL_CONVERSION = YES;
				CLANG_WARN_COMMA = YES;
				CLANG_WARN_CONSTANT_CONVERSION = YES;
				CLANG_WARN_DEPRECATED_OBJC_IMPLEMENTATIONS = YES;
				CLANG_WARN_DIRECT_OBJC_ISA_USAGE = YES_ERROR;
				CLANG_WARN_DOCUMENTATION_COMMENTS = YES;
				CLANG_WARN_EMPTY_BODY = YES;
				CLANG_WARN_ENUM_CONVERSION = YES;
				CLANG_WARN_INFINITE_RECURSION = YES;
				CLANG_WARN_INT_CONVERSION = YES;
				CLANG_WARN_NON_LITERAL_NULL_CONVERSION = YES;
				CLANG_WARN_OBJC_IMPLICIT_RETAIN_SELF = YES;
				CLANG_WARN_OBJC_LITERAL_CONVERSION = YES;
				CLANG_WARN_OBJC_ROOT_CLASS = YES_ERROR;
				CLANG_WARN_RANGE_LOOP_ANALYSIS = YES;
				CLANG_WARN_STRICT_PROTOTYPES = YES;
				CLANG_WARN_SUSPICIOUS_MOVE = YES;
				CLANG_WARN_UNGUARDED_AVAILABILITY = YES_AGGRESSIVE;
				CLANG_WARN_UNREACHABLE_CODE = YES;
				CLANG_WARN__DUPLICATE_METHOD_MATCH = YES;
				CODE_SIGN_IDENTITY = "iPhone Developer";
				COPY_PHASE_STRIP = NO;
				DEBUG_INFORMATION_FORMAT = "dwarf-with-dsym";
				ENABLE_NS_ASSERTIONS = NO;
				ENABLE_STRICT_OBJC_MSGSEND = YES;
				GCC_C_LANGUAGE_STANDARD = gnu11;
				GCC_NO_COMMON_BLOCKS = YES;
				GCC_WARN_64_TO_32_BIT_CONVERSION = YES;
				GCC_WARN_ABOUT_RETURN_TYPE = YES_ERROR;
				GCC_WARN_UNDECLARED_SELECTOR = YES;
				GCC_WARN_UNINITIALIZED_AUTOS = YES_AGGRESSIVE;
				GCC_WARN_UNUSED_FUNCTION = YES;
				GCC_WARN_UNUSED_VARIABLE = YES;
				IPHONEOS_DEPLOYMENT_TARGET = 12.1;
				MTL_ENABLE_DEBUG_INFO = NO;
				MTL_FAST_MATH = YES;
				SDKROOT = iphoneos;
				SWIFT_COMPILATION_MODE = wholemodule;
				SWIFT_OPTIMIZATION_LEVEL = "-O";
				VALIDATE_PRODUCT = YES;
			};
			name = Release;
		};
		8944F946223A6907008B58FF /* Debug */ = {
			isa = XCBuildConfiguration;
			baseConfigurationReference = 2EE1DED2D54E97DBFB222955 /* Pods-RxSwiftWithCoordinatorPattern.debug.xcconfig */;
			buildSettings = {
				ASSETCATALOG_COMPILER_APPICON_NAME = AppIcon;
				CODE_SIGN_STYLE = Automatic;
				DEVELOPMENT_TEAM = 3JF38H23W8;
				INFOPLIST_FILE = RxSwiftWithCoordinatorPattern/Info.plist;
				LD_RUNPATH_SEARCH_PATHS = (
					"$(inherited)",
					"@executable_path/Frameworks",
				);
				PRODUCT_BUNDLE_IDENTIFIER = com.ficow.RxSwiftWithCoordinatorPattern;
				PRODUCT_NAME = "$(TARGET_NAME)";
				SWIFT_VERSION = 4.2;
				TARGETED_DEVICE_FAMILY = "1,2";
			};
			name = Debug;
		};
		8944F947223A6907008B58FF /* Release */ = {
			isa = XCBuildConfiguration;
			baseConfigurationReference = FECDC5583DE60D4F8EEA9098 /* Pods-RxSwiftWithCoordinatorPattern.release.xcconfig */;
			buildSettings = {
				ASSETCATALOG_COMPILER_APPICON_NAME = AppIcon;
				CODE_SIGN_STYLE = Automatic;
				DEVELOPMENT_TEAM = 3JF38H23W8;
				INFOPLIST_FILE = RxSwiftWithCoordinatorPattern/Info.plist;
				LD_RUNPATH_SEARCH_PATHS = (
					"$(inherited)",
					"@executable_path/Frameworks",
				);
				PRODUCT_BUNDLE_IDENTIFIER = com.ficow.RxSwiftWithCoordinatorPattern;
				PRODUCT_NAME = "$(TARGET_NAME)";
				SWIFT_VERSION = 4.2;
				TARGETED_DEVICE_FAMILY = "1,2";
			};
			name = Release;
		};
		8944F949223A6907008B58FF /* Debug */ = {
			isa = XCBuildConfiguration;
			baseConfigurationReference = F1E5C77FC69762D1C84CD088 /* Pods-RxSwiftWithCoordinatorPatternTests.debug.xcconfig */;
			buildSettings = {
				ALWAYS_EMBED_SWIFT_STANDARD_LIBRARIES = YES;
				BUNDLE_LOADER = "$(TEST_HOST)";
				CODE_SIGN_STYLE = Automatic;
				DEVELOPMENT_TEAM = 3JF38H23W8;
				INFOPLIST_FILE = RxSwiftWithCoordinatorPatternTests/Info.plist;
				LD_RUNPATH_SEARCH_PATHS = (
					"$(inherited)",
					"@executable_path/Frameworks",
					"@loader_path/Frameworks",
				);
				PRODUCT_BUNDLE_IDENTIFIER = com.ficow.RxSwiftWithCoordinatorPatternTests;
				PRODUCT_NAME = "$(TARGET_NAME)";
				SWIFT_VERSION = 4.2;
				TARGETED_DEVICE_FAMILY = "1,2";
				TEST_HOST = "$(BUILT_PRODUCTS_DIR)/RxSwiftWithCoordinatorPattern.app/RxSwiftWithCoordinatorPattern";
			};
			name = Debug;
		};
		8944F94A223A6907008B58FF /* Release */ = {
			isa = XCBuildConfiguration;
			baseConfigurationReference = E966E4566A156792AF71D729 /* Pods-RxSwiftWithCoordinatorPatternTests.release.xcconfig */;
			buildSettings = {
				ALWAYS_EMBED_SWIFT_STANDARD_LIBRARIES = YES;
				BUNDLE_LOADER = "$(TEST_HOST)";
				CODE_SIGN_STYLE = Automatic;
				DEVELOPMENT_TEAM = 3JF38H23W8;
				INFOPLIST_FILE = RxSwiftWithCoordinatorPatternTests/Info.plist;
				LD_RUNPATH_SEARCH_PATHS = (
					"$(inherited)",
					"@executable_path/Frameworks",
					"@loader_path/Frameworks",
				);
				PRODUCT_BUNDLE_IDENTIFIER = com.ficow.RxSwiftWithCoordinatorPatternTests;
				PRODUCT_NAME = "$(TARGET_NAME)";
				SWIFT_VERSION = 4.2;
				TARGETED_DEVICE_FAMILY = "1,2";
				TEST_HOST = "$(BUILT_PRODUCTS_DIR)/RxSwiftWithCoordinatorPattern.app/RxSwiftWithCoordinatorPattern";
			};
			name = Release;
		};
		8944F94C223A6907008B58FF /* Debug */ = {
			isa = XCBuildConfiguration;
			baseConfigurationReference = 77EFA75296464139F16E4ACD /* Pods-RxSwiftWithCoordinatorPatternUITests.debug.xcconfig */;
			buildSettings = {
				ALWAYS_EMBED_SWIFT_STANDARD_LIBRARIES = YES;
				CODE_SIGN_STYLE = Automatic;
				DEVELOPMENT_TEAM = 3JF38H23W8;
				INFOPLIST_FILE = RxSwiftWithCoordinatorPatternUITests/Info.plist;
				LD_RUNPATH_SEARCH_PATHS = (
					"$(inherited)",
					"@executable_path/Frameworks",
					"@loader_path/Frameworks",
				);
				PRODUCT_BUNDLE_IDENTIFIER = com.ficow.RxSwiftWithCoordinatorPatternUITests;
				PRODUCT_NAME = "$(TARGET_NAME)";
				SWIFT_VERSION = 4.2;
				TARGETED_DEVICE_FAMILY = "1,2";
				TEST_TARGET_NAME = RxSwiftWithCoordinatorPattern;
			};
			name = Debug;
		};
		8944F94D223A6907008B58FF /* Release */ = {
			isa = XCBuildConfiguration;
			baseConfigurationReference = 0D7C1C334CB974BC44ABF962 /* Pods-RxSwiftWithCoordinatorPatternUITests.release.xcconfig */;
			buildSettings = {
				ALWAYS_EMBED_SWIFT_STANDARD_LIBRARIES = YES;
				CODE_SIGN_STYLE = Automatic;
				DEVELOPMENT_TEAM = 3JF38H23W8;
				INFOPLIST_FILE = RxSwiftWithCoordinatorPatternUITests/Info.plist;
				LD_RUNPATH_SEARCH_PATHS = (
					"$(inherited)",
					"@executable_path/Frameworks",
					"@loader_path/Frameworks",
				);
				PRODUCT_BUNDLE_IDENTIFIER = com.ficow.RxSwiftWithCoordinatorPatternUITests;
				PRODUCT_NAME = "$(TARGET_NAME)";
				SWIFT_VERSION = 4.2;
				TARGETED_DEVICE_FAMILY = "1,2";
				TEST_TARGET_NAME = RxSwiftWithCoordinatorPattern;
			};
			name = Release;
		};
/* End XCBuildConfiguration section */

/* Begin XCConfigurationList section */
		8944F918223A6905008B58FF /* Build configuration list for PBXProject "RxSwiftWithCoordinatorPattern" */ = {
			isa = XCConfigurationList;
			buildConfigurations = (
				8944F943223A6907008B58FF /* Debug */,
				8944F944223A6907008B58FF /* Release */,
			);
			defaultConfigurationIsVisible = 0;
			defaultConfigurationName = Release;
		};
		8944F945223A6907008B58FF /* Build configuration list for PBXNativeTarget "RxSwiftWithCoordinatorPattern" */ = {
			isa = XCConfigurationList;
			buildConfigurations = (
				8944F946223A6907008B58FF /* Debug */,
				8944F947223A6907008B58FF /* Release */,
			);
			defaultConfigurationIsVisible = 0;
			defaultConfigurationName = Release;
		};
		8944F948223A6907008B58FF /* Build configuration list for PBXNativeTarget "RxSwiftWithCoordinatorPatternTests" */ = {
			isa = XCConfigurationList;
			buildConfigurations = (
				8944F949223A6907008B58FF /* Debug */,
				8944F94A223A6907008B58FF /* Release */,
			);
			defaultConfigurationIsVisible = 0;
			defaultConfigurationName = Release;
		};
		8944F94B223A6907008B58FF /* Build configuration list for PBXNativeTarget "RxSwiftWithCoordinatorPatternUITests" */ = {
			isa = XCConfigurationList;
			buildConfigurations = (
				8944F94C223A6907008B58FF /* Debug */,
				8944F94D223A6907008B58FF /* Release */,
			);
			defaultConfigurationIsVisible = 0;
			defaultConfigurationName = Release;
		};
/* End XCConfigurationList section */
	};
	rootObject = 8944F915223A6905008B58FF /* Project object */;
}
